
Microsoft Visual Studio Solution File, Format Version 12.00
# Visual Studio Version 17
VisualStudioVersion = 17.5.33414.496
MinimumVisualStudioVersion = 10.0.40219.1
Project("{FAE04EC0-301F-11D3-BF4B-00C04F79EFBC}") = "Snake", "Snake\Snake.csproj", "{C37E0902-B79A-4EEA-8CA5-B427FD53C8EF}"
EndProject
Global
	GlobalSection(SolutionConfigurationPlatforms) = preSolution
		Debug|Any CPU = Debug|Any CPU
		Release|Any CPU = Release|Any CPU
	EndGlobalSection
	GlobalSection(ProjectConfigurationPlatforms) = postSolution
		{C37E0902-B79A-4EEA-8CA5-B427FD53C8EF}.Debug|Any CPU.ActiveCfg = Debug|Any CPU
		{C37E0902-B79A-4EEA-8CA5-B427FD53C8EF}.Debug|Any CPU.Build.0 = Debug|Any CPU
		{C37E0902-B79A-4EEA-8CA5-B427FD53C8EF}.Release|Any CPU.ActiveCfg = Release|Any CPU
		{C37E0902-B79A-4EEA-8CA5-B427FD53C8EF}.Release|Any CPU.Build.0 = Release|Any CPU
	EndGlobalSection
	GlobalSection(SolutionProperties) = preSolution
		HideSolutionNode = FALSE
	EndGlobalSection
	GlobalSection(ExtensibilityGlobals) = postSolution
		SolutionGuid = {97DC9493-A5A9-4D78-9D46-5F212CC10917}
	EndGlobalSection
EndGlobal
