
Microsoft Visual Studio Solution File, Format Version 12.00
# Visual Studio Version 17
VisualStudioVersion = 17.5.33414.496
MinimumVisualStudioVersion = 10.0.40219.1
Project("{FAE04EC0-301F-11D3-BF4B-00C04F79EFBC}") = "Tetris", "Tetris\Tetris.csproj", "{BE63C756-3326-4E5B-82DA-F767E9A1A187}"
EndProject
Global
	GlobalSection(SolutionConfigurationPlatforms) = preSolution
		Debug|Any CPU = Debug|Any CPU
		Release|Any CPU = Release|Any CPU
	EndGlobalSection
	GlobalSection(ProjectConfigurationPlatforms) = postSolution
		{BE63C756-3326-4E5B-82DA-F767E9A1A187}.Debug|Any CPU.ActiveCfg = Debug|Any CPU
		{BE63C756-3326-4E5B-82DA-F767E9A1A187}.Debug|Any CPU.Build.0 = Debug|Any CPU
		{BE63C756-3326-4E5B-82DA-F767E9A1A187}.Release|Any CPU.ActiveCfg = Release|Any CPU
		{BE63C756-3326-4E5B-82DA-F767E9A1A187}.Release|Any CPU.Build.0 = Release|Any CPU
	EndGlobalSection
	GlobalSection(SolutionProperties) = preSolution
		HideSolutionNode = FALSE
	EndGlobalSection
	GlobalSection(ExtensibilityGlobals) = postSolution
		SolutionGuid = {3021EF18-D860-4BED-8A94-6F41FDDBB448}
	EndGlobalSection
EndGlobal
